
Microsoft Visual Studio Solution File, Format Version 12.00
# Visual Studio Version 17
VisualStudioVersion = 17.5.33516.290
MinimumVisualStudioVersion = 10.0.40219.1
Project("{FAE04EC0-301F-11D3-BF4B-00C04F79EFBC}") = "LR6_Example2", "LR6_Example2\LR6_Example2.csproj", "{494D1957-0597-49F9-965E-837CBC7EC624}"
EndProject
Global
	GlobalSection(SolutionConfigurationPlatforms) = preSolution
		Debug|Any CPU = Debug|Any CPU
		Release|Any CPU = Release|Any CPU
	EndGlobalSection
	GlobalSection(ProjectConfigurationPlatforms) = postSolution
		{494D1957-0597-49F9-965E-837CBC7EC624}.Debug|Any CPU.ActiveCfg = Debug|Any CPU
		{494D1957-0597-49F9-965E-837CBC7EC624}.Debug|Any CPU.Build.0 = Debug|Any CPU
		{494D1957-0597-49F9-965E-837CBC7EC624}.Release|Any CPU.ActiveCfg = Release|Any CPU
		{494D1957-0597-49F9-965E-837CBC7EC624}.Release|Any CPU.Build.0 = Release|Any CPU
	EndGlobalSection
	GlobalSection(SolutionProperties) = preSolution
		HideSolutionNode = FALSE
	EndGlobalSection
	GlobalSection(ExtensibilityGlobals) = postSolution
		SolutionGuid = {61F12AE4-FA46-4608-AA43-96B9E9BE9A85}
	EndGlobalSection
EndGlobal
